
Microsoft Visual Studio Solution File, Format Version 12.00
# Visual Studio 14
VisualStudioVersion = 14.0.25420.1
MinimumVisualStudioVersion = 10.0.40219.1
Project("{FAE04EC0-301F-11D3-BF4B-00C04F79EFBC}") = "01_Blank Receipt", "01_Blank Receipt\01_Blank Receipt.csproj", "{CBC83564-3AC0-4DB5-B073-76255F6D66A4}"
EndProject
Project("{FAE04EC0-301F-11D3-BF4B-00C04F79EFBC}") = "02_Sign of Integer Number", "02_Sign of Integer Number\02_Sign of Integer Number.csproj", "{1C69EF9C-6EBA-49D1-A71B-262B83331FC5}"
EndProject
Project("{FAE04EC0-301F-11D3-BF4B-00C04F79EFBC}") = "03_Printing Triangle", "03_Printing Triangle\03_Printing Triangle.csproj", "{C9BE80F1-70FF-4F68-BB08-492961872FCA}"
EndProject
Project("{FAE04EC0-301F-11D3-BF4B-00C04F79EFBC}") = "04_Draw a Filled Square", "04_Draw a Filled Square\04_Draw a Filled Square.csproj", "{409AEEBC-C4CE-4EF8-8841-C43662C983A4}"
EndProject
Project("{FAE04EC0-301F-11D3-BF4B-00C04F79EFBC}") = "05_Calculate Triangle Area", "05_Calculate Triangle Area\05_Calculate Triangle Area.csproj", "{8C71EFCB-DB29-4C45-9739-95C074801DCF}"
EndProject
Project("{FAE04EC0-301F-11D3-BF4B-00C04F79EFBC}") = "06_Math Power", "06_Math Power\06_Math Power.csproj", "{49BEDEFA-E4FC-4FF0-AB8D-4BACDF8AA12F}"
EndProject
Project("{FAE04EC0-301F-11D3-BF4B-00C04F79EFBC}") = "07_Greater of Two Values", "07_Greater of Two Values\07_Greater of Two Values.csproj", "{F413E373-8E16-4CED-B65C-943852861197}"
EndProject
Project("{FAE04EC0-301F-11D3-BF4B-00C04F79EFBC}") = "08_Multiply Evens by Odds", "08_Multiply Evens by Odds\08_Multiply Evens by Odds.csproj", "{EA6D91F8-552D-4CF5-BE2B-97628377226A}"
EndProject
Project("{FAE04EC0-301F-11D3-BF4B-00C04F79EFBC}") = "09_Debug_HolidaysBetweenTwoDates", "09_Debug_HolidaysBetweenTwoDates\09_Debug_HolidaysBetweenTwoDates.csproj", "{AD4070CB-46F7-4033-8A8C-F18891EBC89C}"
EndProject
Global
	GlobalSection(SolutionConfigurationPlatforms) = preSolution
		Debug|Any CPU = Debug|Any CPU
		Release|Any CPU = Release|Any CPU
	EndGlobalSection
	GlobalSection(ProjectConfigurationPlatforms) = postSolution
		{CBC83564-3AC0-4DB5-B073-76255F6D66A4}.Debug|Any CPU.ActiveCfg = Debug|Any CPU
		{CBC83564-3AC0-4DB5-B073-76255F6D66A4}.Debug|Any CPU.Build.0 = Debug|Any CPU
		{CBC83564-3AC0-4DB5-B073-76255F6D66A4}.Release|Any CPU.ActiveCfg = Release|Any CPU
		{CBC83564-3AC0-4DB5-B073-76255F6D66A4}.Release|Any CPU.Build.0 = Release|Any CPU
		{1C69EF9C-6EBA-49D1-A71B-262B83331FC5}.Debug|Any CPU.ActiveCfg = Debug|Any CPU
		{1C69EF9C-6EBA-49D1-A71B-262B83331FC5}.Debug|Any CPU.Build.0 = Debug|Any CPU
		{1C69EF9C-6EBA-49D1-A71B-262B83331FC5}.Release|Any CPU.ActiveCfg = Release|Any CPU
		{1C69EF9C-6EBA-49D1-A71B-262B83331FC5}.Release|Any CPU.Build.0 = Release|Any CPU
		{C9BE80F1-70FF-4F68-BB08-492961872FCA}.Debug|Any CPU.ActiveCfg = Debug|Any CPU
		{C9BE80F1-70FF-4F68-BB08-492961872FCA}.Debug|Any CPU.Build.0 = Debug|Any CPU
		{C9BE80F1-70FF-4F68-BB08-492961872FCA}.Release|Any CPU.ActiveCfg = Release|Any CPU
		{C9BE80F1-70FF-4F68-BB08-492961872FCA}.Release|Any CPU.Build.0 = Release|Any CPU
		{409AEEBC-C4CE-4EF8-8841-C43662C983A4}.Debug|Any CPU.ActiveCfg = Debug|Any CPU
		{409AEEBC-C4CE-4EF8-8841-C43662C983A4}.Debug|Any CPU.Build.0 = Debug|Any CPU
		{409AEEBC-C4CE-4EF8-8841-C43662C983A4}.Release|Any CPU.ActiveCfg = Release|Any CPU
		{409AEEBC-C4CE-4EF8-8841-C43662C983A4}.Release|Any CPU.Build.0 = Release|Any CPU
		{8C71EFCB-DB29-4C45-9739-95C074801DCF}.Debug|Any CPU.ActiveCfg = Debug|Any CPU
		{8C71EFCB-DB29-4C45-9739-95C074801DCF}.Debug|Any CPU.Build.0 = Debug|Any CPU
		{8C71EFCB-DB29-4C45-9739-95C074801DCF}.Release|Any CPU.ActiveCfg = Release|Any CPU
		{8C71EFCB-DB29-4C45-9739-95C074801DCF}.Release|Any CPU.Build.0 = Release|Any CPU
		{49BEDEFA-E4FC-4FF0-AB8D-4BACDF8AA12F}.Debug|Any CPU.ActiveCfg = Debug|Any CPU
		{49BEDEFA-E4FC-4FF0-AB8D-4BACDF8AA12F}.Debug|Any CPU.Build.0 = Debug|Any CPU
		{49BEDEFA-E4FC-4FF0-AB8D-4BACDF8AA12F}.Release|Any CPU.ActiveCfg = Release|Any CPU
		{49BEDEFA-E4FC-4FF0-AB8D-4BACDF8AA12F}.Release|Any CPU.Build.0 = Release|Any CPU
		{F413E373-8E16-4CED-B65C-943852861197}.Debug|Any CPU.ActiveCfg = Debug|Any CPU
		{F413E373-8E16-4CED-B65C-943852861197}.Debug|Any CPU.Build.0 = Debug|Any CPU
		{F413E373-8E16-4CED-B65C-943852861197}.Release|Any CPU.ActiveCfg = Release|Any CPU
		{F413E373-8E16-4CED-B65C-943852861197}.Release|Any CPU.Build.0 = Release|Any CPU
		{EA6D91F8-552D-4CF5-BE2B-97628377226A}.Debug|Any CPU.ActiveCfg = Debug|Any CPU
		{EA6D91F8-552D-4CF5-BE2B-97628377226A}.Debug|Any CPU.Build.0 = Debug|Any CPU
		{EA6D91F8-552D-4CF5-BE2B-97628377226A}.Release|Any CPU.ActiveCfg = Release|Any CPU
		{EA6D91F8-552D-4CF5-BE2B-97628377226A}.Release|Any CPU.Build.0 = Release|Any CPU
		{AD4070CB-46F7-4033-8A8C-F18891EBC89C}.Debug|Any CPU.ActiveCfg = Debug|Any CPU
		{AD4070CB-46F7-4033-8A8C-F18891EBC89C}.Debug|Any CPU.Build.0 = Debug|Any CPU
		{AD4070CB-46F7-4033-8A8C-F18891EBC89C}.Release|Any CPU.ActiveCfg = Release|Any CPU
		{AD4070CB-46F7-4033-8A8C-F18891EBC89C}.Release|Any CPU.Build.0 = Release|Any CPU
	EndGlobalSection
	GlobalSection(SolutionProperties) = preSolution
		HideSolutionNode = FALSE
	EndGlobalSection
EndGlobal
