
Microsoft Visual Studio Solution File, Format Version 12.00
# Visual Studio 14
VisualStudioVersion = 14.0.25420.1
MinimumVisualStudioVersion = 10.0.40219.1
Project("{FAE04EC0-301F-11D3-BF4B-00C04F79EFBC}") = "01_Count Working Days", "01_Count Working Days\01_Count Working Days.csproj", "{F845F351-DADD-4DEA-8533-B0A3310E798F}"
EndProject
Project("{FAE04EC0-301F-11D3-BF4B-00C04F79EFBC}") = "02_Advertisement Message", "02_Advertisement Message\02_Advertisement Message.csproj", "{18358B8E-787D-4E7B-AA9F-C0EC9B962E55}"
EndProject
Project("{FAE04EC0-301F-11D3-BF4B-00C04F79EFBC}") = "03_Circles Intersection", "03_Circles Intersection\03_Circles Intersection.csproj", "{1D1E2F8C-5023-4B4F-B809-3AC85A6FEEB9}"
EndProject
Project("{FAE04EC0-301F-11D3-BF4B-00C04F79EFBC}") = "04_Average Grades", "04_Average Grades\04_Average Grades.csproj", "{7F9CB237-DB13-4E11-9758-BF4DC526D8BC}"
EndProject
Project("{FAE04EC0-301F-11D3-BF4B-00C04F79EFBC}") = "05_Book Library", "05_Book Library\05_Book Library.csproj", "{DCB84BFD-70E0-4FA1-9DA8-CADAAC5DFA87}"
EndProject
Project("{FAE04EC0-301F-11D3-BF4B-00C04F79EFBC}") = "06_Book Library Modification", "06_Book Library Modification\06_Book Library Modification.csproj", "{361FBF1B-57FF-4C9B-B964-254F9581BAC4}"
EndProject
Project("{FAE04EC0-301F-11D3-BF4B-00C04F79EFBC}") = "07_Andrey and billiard", "07_Andrey and billiard\07_Andrey and billiard.csproj", "{95BC91BE-DC03-425F-83E1-0F1D52FD2CFB}"
EndProject
Project("{FAE04EC0-301F-11D3-BF4B-00C04F79EFBC}") = "08_Mentor Group", "08_Mentor Group\08_Mentor Group.csproj", "{524EF834-A695-4A5E-80CA-E684C7F94220}"
EndProject
Project("{FAE04EC0-301F-11D3-BF4B-00C04F79EFBC}") = "09_Teamwork Projects", "09_Teamwork Projects\09_Teamwork Projects.csproj", "{CF3D5FFD-66B0-4783-B731-179C137864EF}"
EndProject
Project("{FAE04EC0-301F-11D3-BF4B-00C04F79EFBC}") = "10_Student Groups", "10_Student Groups\10_Student Groups.csproj", "{1E0FF9B6-FEAA-43AC-9D07-ED72E1B296EF}"
EndProject
Global
	GlobalSection(SolutionConfigurationPlatforms) = preSolution
		Debug|Any CPU = Debug|Any CPU
		Release|Any CPU = Release|Any CPU
	EndGlobalSection
	GlobalSection(ProjectConfigurationPlatforms) = postSolution
		{F845F351-DADD-4DEA-8533-B0A3310E798F}.Debug|Any CPU.ActiveCfg = Debug|Any CPU
		{F845F351-DADD-4DEA-8533-B0A3310E798F}.Debug|Any CPU.Build.0 = Debug|Any CPU
		{F845F351-DADD-4DEA-8533-B0A3310E798F}.Release|Any CPU.ActiveCfg = Release|Any CPU
		{F845F351-DADD-4DEA-8533-B0A3310E798F}.Release|Any CPU.Build.0 = Release|Any CPU
		{18358B8E-787D-4E7B-AA9F-C0EC9B962E55}.Debug|Any CPU.ActiveCfg = Debug|Any CPU
		{18358B8E-787D-4E7B-AA9F-C0EC9B962E55}.Debug|Any CPU.Build.0 = Debug|Any CPU
		{18358B8E-787D-4E7B-AA9F-C0EC9B962E55}.Release|Any CPU.ActiveCfg = Release|Any CPU
		{18358B8E-787D-4E7B-AA9F-C0EC9B962E55}.Release|Any CPU.Build.0 = Release|Any CPU
		{1D1E2F8C-5023-4B4F-B809-3AC85A6FEEB9}.Debug|Any CPU.ActiveCfg = Debug|Any CPU
		{1D1E2F8C-5023-4B4F-B809-3AC85A6FEEB9}.Debug|Any CPU.Build.0 = Debug|Any CPU
		{1D1E2F8C-5023-4B4F-B809-3AC85A6FEEB9}.Release|Any CPU.ActiveCfg = Release|Any CPU
		{1D1E2F8C-5023-4B4F-B809-3AC85A6FEEB9}.Release|Any CPU.Build.0 = Release|Any CPU
		{7F9CB237-DB13-4E11-9758-BF4DC526D8BC}.Debug|Any CPU.ActiveCfg = Debug|Any CPU
		{7F9CB237-DB13-4E11-9758-BF4DC526D8BC}.Debug|Any CPU.Build.0 = Debug|Any CPU
		{7F9CB237-DB13-4E11-9758-BF4DC526D8BC}.Release|Any CPU.ActiveCfg = Release|Any CPU
		{7F9CB237-DB13-4E11-9758-BF4DC526D8BC}.Release|Any CPU.Build.0 = Release|Any CPU
		{DCB84BFD-70E0-4FA1-9DA8-CADAAC5DFA87}.Debug|Any CPU.ActiveCfg = Debug|Any CPU
		{DCB84BFD-70E0-4FA1-9DA8-CADAAC5DFA87}.Debug|Any CPU.Build.0 = Debug|Any CPU
		{DCB84BFD-70E0-4FA1-9DA8-CADAAC5DFA87}.Release|Any CPU.ActiveCfg = Release|Any CPU
		{DCB84BFD-70E0-4FA1-9DA8-CADAAC5DFA87}.Release|Any CPU.Build.0 = Release|Any CPU
		{361FBF1B-57FF-4C9B-B964-254F9581BAC4}.Debug|Any CPU.ActiveCfg = Debug|Any CPU
		{361FBF1B-57FF-4C9B-B964-254F9581BAC4}.Debug|Any CPU.Build.0 = Debug|Any CPU
		{361FBF1B-57FF-4C9B-B964-254F9581BAC4}.Release|Any CPU.ActiveCfg = Release|Any CPU
		{361FBF1B-57FF-4C9B-B964-254F9581BAC4}.Release|Any CPU.Build.0 = Release|Any CPU
		{95BC91BE-DC03-425F-83E1-0F1D52FD2CFB}.Debug|Any CPU.ActiveCfg = Debug|Any CPU
		{95BC91BE-DC03-425F-83E1-0F1D52FD2CFB}.Debug|Any CPU.Build.0 = Debug|Any CPU
		{95BC91BE-DC03-425F-83E1-0F1D52FD2CFB}.Release|Any CPU.ActiveCfg = Release|Any CPU
		{95BC91BE-DC03-425F-83E1-0F1D52FD2CFB}.Release|Any CPU.Build.0 = Release|Any CPU
		{524EF834-A695-4A5E-80CA-E684C7F94220}.Debug|Any CPU.ActiveCfg = Debug|Any CPU
		{524EF834-A695-4A5E-80CA-E684C7F94220}.Debug|Any CPU.Build.0 = Debug|Any CPU
		{524EF834-A695-4A5E-80CA-E684C7F94220}.Release|Any CPU.ActiveCfg = Release|Any CPU
		{524EF834-A695-4A5E-80CA-E684C7F94220}.Release|Any CPU.Build.0 = Release|Any CPU
		{CF3D5FFD-66B0-4783-B731-179C137864EF}.Debug|Any CPU.ActiveCfg = Debug|Any CPU
		{CF3D5FFD-66B0-4783-B731-179C137864EF}.Debug|Any CPU.Build.0 = Debug|Any CPU
		{CF3D5FFD-66B0-4783-B731-179C137864EF}.Release|Any CPU.ActiveCfg = Release|Any CPU
		{CF3D5FFD-66B0-4783-B731-179C137864EF}.Release|Any CPU.Build.0 = Release|Any CPU
		{1E0FF9B6-FEAA-43AC-9D07-ED72E1B296EF}.Debug|Any CPU.ActiveCfg = Debug|Any CPU
		{1E0FF9B6-FEAA-43AC-9D07-ED72E1B296EF}.Debug|Any CPU.Build.0 = Debug|Any CPU
		{1E0FF9B6-FEAA-43AC-9D07-ED72E1B296EF}.Release|Any CPU.ActiveCfg = Release|Any CPU
		{1E0FF9B6-FEAA-43AC-9D07-ED72E1B296EF}.Release|Any CPU.Build.0 = Release|Any CPU
	EndGlobalSection
	GlobalSection(SolutionProperties) = preSolution
		HideSolutionNode = FALSE
	EndGlobalSection
EndGlobal
