
Microsoft Visual Studio Solution File, Format Version 12.00
# Visual Studio 14
VisualStudioVersion = 14.0.25420.1
MinimumVisualStudioVersion = 10.0.40219.1
Project("{FAE04EC0-301F-11D3-BF4B-00C04F79EFBC}") = "01_Convert from base-10 to base-N", "01_Convert from base-10 to base-N\01_Convert from base-10 to base-N.csproj", "{23175C89-7849-4231-992E-9E7F1E5484A8}"
EndProject
Project("{FAE04EC0-301F-11D3-BF4B-00C04F79EFBC}") = "02_Convert from base-N to base-10", "02_Convert from base-N to base-10\02_Convert from base-N to base-10.csproj", "{029001F3-26C9-4548-A218-2F1D293353F0}"
EndProject
Project("{FAE04EC0-301F-11D3-BF4B-00C04F79EFBC}") = "03_Unicode Characters", "03_Unicode Characters\03_Unicode Characters.csproj", "{B8291799-E2D6-47C9-9B1E-52C34F5FC3B0}"
EndProject
Project("{FAE04EC0-301F-11D3-BF4B-00C04F79EFBC}") = "04_Character Multiplier", "04_Character Multiplier\04_Character Multiplier.csproj", "{0E7F9117-320D-4819-9CE2-79A0BFBD6CBF}"
EndProject
Project("{FAE04EC0-301F-11D3-BF4B-00C04F79EFBC}") = "05_Magic Exchangeable Words", "05_Magic Exchangeable Words\05_Magic Exchangeable Words.csproj", "{6B6D34C9-C646-4DE0-A3B8-38BF11B83A5B}"
EndProject
Project("{FAE04EC0-301F-11D3-BF4B-00C04F79EFBC}") = "06_Sum Big Numbers", "06_Sum Big Numbers\06_Sum Big Numbers.csproj", "{4FD5E374-1133-4BA8-9765-3EDD5FC72E62}"
EndProject
Project("{FAE04EC0-301F-11D3-BF4B-00C04F79EFBC}") = "07_MultiplyBigNumber", "07_MultiplyBigNumber\07_MultiplyBigNumber.csproj", "{32CD264C-FD8F-49F9-AFCA-2C4A6C35DB23}"
EndProject
Global
	GlobalSection(SolutionConfigurationPlatforms) = preSolution
		Debug|Any CPU = Debug|Any CPU
		Release|Any CPU = Release|Any CPU
	EndGlobalSection
	GlobalSection(ProjectConfigurationPlatforms) = postSolution
		{23175C89-7849-4231-992E-9E7F1E5484A8}.Debug|Any CPU.ActiveCfg = Debug|Any CPU
		{23175C89-7849-4231-992E-9E7F1E5484A8}.Debug|Any CPU.Build.0 = Debug|Any CPU
		{23175C89-7849-4231-992E-9E7F1E5484A8}.Release|Any CPU.ActiveCfg = Release|Any CPU
		{23175C89-7849-4231-992E-9E7F1E5484A8}.Release|Any CPU.Build.0 = Release|Any CPU
		{029001F3-26C9-4548-A218-2F1D293353F0}.Debug|Any CPU.ActiveCfg = Debug|Any CPU
		{029001F3-26C9-4548-A218-2F1D293353F0}.Debug|Any CPU.Build.0 = Debug|Any CPU
		{029001F3-26C9-4548-A218-2F1D293353F0}.Release|Any CPU.ActiveCfg = Release|Any CPU
		{029001F3-26C9-4548-A218-2F1D293353F0}.Release|Any CPU.Build.0 = Release|Any CPU
		{B8291799-E2D6-47C9-9B1E-52C34F5FC3B0}.Debug|Any CPU.ActiveCfg = Debug|Any CPU
		{B8291799-E2D6-47C9-9B1E-52C34F5FC3B0}.Debug|Any CPU.Build.0 = Debug|Any CPU
		{B8291799-E2D6-47C9-9B1E-52C34F5FC3B0}.Release|Any CPU.ActiveCfg = Release|Any CPU
		{B8291799-E2D6-47C9-9B1E-52C34F5FC3B0}.Release|Any CPU.Build.0 = Release|Any CPU
		{0E7F9117-320D-4819-9CE2-79A0BFBD6CBF}.Debug|Any CPU.ActiveCfg = Debug|Any CPU
		{0E7F9117-320D-4819-9CE2-79A0BFBD6CBF}.Debug|Any CPU.Build.0 = Debug|Any CPU
		{0E7F9117-320D-4819-9CE2-79A0BFBD6CBF}.Release|Any CPU.ActiveCfg = Release|Any CPU
		{0E7F9117-320D-4819-9CE2-79A0BFBD6CBF}.Release|Any CPU.Build.0 = Release|Any CPU
		{6B6D34C9-C646-4DE0-A3B8-38BF11B83A5B}.Debug|Any CPU.ActiveCfg = Debug|Any CPU
		{6B6D34C9-C646-4DE0-A3B8-38BF11B83A5B}.Debug|Any CPU.Build.0 = Debug|Any CPU
		{6B6D34C9-C646-4DE0-A3B8-38BF11B83A5B}.Release|Any CPU.ActiveCfg = Release|Any CPU
		{6B6D34C9-C646-4DE0-A3B8-38BF11B83A5B}.Release|Any CPU.Build.0 = Release|Any CPU
		{4FD5E374-1133-4BA8-9765-3EDD5FC72E62}.Debug|Any CPU.ActiveCfg = Debug|Any CPU
		{4FD5E374-1133-4BA8-9765-3EDD5FC72E62}.Debug|Any CPU.Build.0 = Debug|Any CPU
		{4FD5E374-1133-4BA8-9765-3EDD5FC72E62}.Release|Any CPU.ActiveCfg = Release|Any CPU
		{4FD5E374-1133-4BA8-9765-3EDD5FC72E62}.Release|Any CPU.Build.0 = Release|Any CPU
		{32CD264C-FD8F-49F9-AFCA-2C4A6C35DB23}.Debug|Any CPU.ActiveCfg = Debug|Any CPU
		{32CD264C-FD8F-49F9-AFCA-2C4A6C35DB23}.Debug|Any CPU.Build.0 = Debug|Any CPU
		{32CD264C-FD8F-49F9-AFCA-2C4A6C35DB23}.Release|Any CPU.ActiveCfg = Release|Any CPU
		{32CD264C-FD8F-49F9-AFCA-2C4A6C35DB23}.Release|Any CPU.Build.0 = Release|Any CPU
	EndGlobalSection
	GlobalSection(SolutionProperties) = preSolution
		HideSolutionNode = FALSE
	EndGlobalSection
EndGlobal
