
Microsoft Visual Studio Solution File, Format Version 12.00
# Visual Studio 14
VisualStudioVersion = 14.0.25420.1
MinimumVisualStudioVersion = 10.0.40219.1
Project("{FAE04EC0-301F-11D3-BF4B-00C04F79EFBC}") = "20150531_01_Command Interpreter", "20150531_01_Command Interpreter\20150531_01_Command Interpreter.csproj", "{63A25884-5772-4E14-8688-BC4B17BFA532}"
EndProject
Project("{FAE04EC0-301F-11D3-BF4B-00C04F79EFBC}") = "20150531_02_Target Practice", "20150531_02_Target Practice\20150531_02_Target Practice.csproj", "{0861EF01-DAC3-4E47-95B0-CE31B7E04D5C}"
EndProject
Project("{FAE04EC0-301F-11D3-BF4B-00C04F79EFBC}") = "20150531_03_TextTransformer", "20150531_03_TextTransformer\20150531_03_TextTransformer.csproj", "{2EFDDBE5-3B4C-4534-B5DE-E8D00C113347}"
EndProject
Project("{FAE04EC0-301F-11D3-BF4B-00C04F79EFBC}") = "20150531_04_Olympics Are Coming", "20150531_04_Olympics Are Coming\20150531_04_Olympics Are Coming.csproj", "{2B576FCA-29CD-4F2D-A617-BF99DFE2406B}"
EndProject
Project("{FAE04EC0-301F-11D3-BF4B-00C04F79EFBC}") = "20150619_01_Bunker Buster", "20150619_01_Bunker Buster\20150619_01_Bunker Buster.csproj", "{79F95D39-EE82-4EFD-9519-C03E0D5013FC}"
EndProject
Project("{FAE04EC0-301F-11D3-BF4B-00C04F79EFBC}") = "20150619_02_Array Slider", "20150619_02_Array Slider\20150619_02_Array Slider.csproj", "{F97EC883-4603-4A34-9735-979525FBBE4C}"
EndProject
Project("{FAE04EC0-301F-11D3-BF4B-00C04F79EFBC}") = "20150619_03_Rage Quit", "20150619_03_Rage Quit\20150619_03_Rage Quit.csproj", "{968A0B42-CB15-42E9-8523-8C31B8CA6380}"
EndProject
Project("{FAE04EC0-301F-11D3-BF4B-00C04F79EFBC}") = "20150619_04_Population Counter", "20150619_04_Population Counter\20150619_04_Population Counter.csproj", "{8CA29A74-5CD2-49A1-B9C1-F208B75669D3}"
EndProject
Project("{FAE04EC0-301F-11D3-BF4B-00C04F79EFBC}") = "20151011_01_Array Manipulator", "20151011_01_Array Manipulator\20151011_01_Array Manipulator.csproj", "{4BE27FB1-E36C-422B-97A7-A6F9D250B63D}"
EndProject
Project("{FAE04EC0-301F-11D3-BF4B-00C04F79EFBC}") = "20151011_02_Radioactive Bunnies", "20151011_02_Radioactive Bunnies\20151011_02_Radioactive Bunnies.csproj", "{A1A94BEE-6684-4796-AC03-39FBDFF00D23}"
EndProject
Global
	GlobalSection(SolutionConfigurationPlatforms) = preSolution
		Debug|Any CPU = Debug|Any CPU
		Release|Any CPU = Release|Any CPU
	EndGlobalSection
	GlobalSection(ProjectConfigurationPlatforms) = postSolution
		{63A25884-5772-4E14-8688-BC4B17BFA532}.Debug|Any CPU.ActiveCfg = Debug|Any CPU
		{63A25884-5772-4E14-8688-BC4B17BFA532}.Debug|Any CPU.Build.0 = Debug|Any CPU
		{63A25884-5772-4E14-8688-BC4B17BFA532}.Release|Any CPU.ActiveCfg = Release|Any CPU
		{63A25884-5772-4E14-8688-BC4B17BFA532}.Release|Any CPU.Build.0 = Release|Any CPU
		{0861EF01-DAC3-4E47-95B0-CE31B7E04D5C}.Debug|Any CPU.ActiveCfg = Debug|Any CPU
		{0861EF01-DAC3-4E47-95B0-CE31B7E04D5C}.Debug|Any CPU.Build.0 = Debug|Any CPU
		{0861EF01-DAC3-4E47-95B0-CE31B7E04D5C}.Release|Any CPU.ActiveCfg = Release|Any CPU
		{0861EF01-DAC3-4E47-95B0-CE31B7E04D5C}.Release|Any CPU.Build.0 = Release|Any CPU
		{2EFDDBE5-3B4C-4534-B5DE-E8D00C113347}.Debug|Any CPU.ActiveCfg = Debug|Any CPU
		{2EFDDBE5-3B4C-4534-B5DE-E8D00C113347}.Debug|Any CPU.Build.0 = Debug|Any CPU
		{2EFDDBE5-3B4C-4534-B5DE-E8D00C113347}.Release|Any CPU.ActiveCfg = Release|Any CPU
		{2EFDDBE5-3B4C-4534-B5DE-E8D00C113347}.Release|Any CPU.Build.0 = Release|Any CPU
		{2B576FCA-29CD-4F2D-A617-BF99DFE2406B}.Debug|Any CPU.ActiveCfg = Debug|Any CPU
		{2B576FCA-29CD-4F2D-A617-BF99DFE2406B}.Debug|Any CPU.Build.0 = Debug|Any CPU
		{2B576FCA-29CD-4F2D-A617-BF99DFE2406B}.Release|Any CPU.ActiveCfg = Release|Any CPU
		{2B576FCA-29CD-4F2D-A617-BF99DFE2406B}.Release|Any CPU.Build.0 = Release|Any CPU
		{79F95D39-EE82-4EFD-9519-C03E0D5013FC}.Debug|Any CPU.ActiveCfg = Debug|Any CPU
		{79F95D39-EE82-4EFD-9519-C03E0D5013FC}.Debug|Any CPU.Build.0 = Debug|Any CPU
		{79F95D39-EE82-4EFD-9519-C03E0D5013FC}.Release|Any CPU.ActiveCfg = Release|Any CPU
		{79F95D39-EE82-4EFD-9519-C03E0D5013FC}.Release|Any CPU.Build.0 = Release|Any CPU
		{F97EC883-4603-4A34-9735-979525FBBE4C}.Debug|Any CPU.ActiveCfg = Debug|Any CPU
		{F97EC883-4603-4A34-9735-979525FBBE4C}.Debug|Any CPU.Build.0 = Debug|Any CPU
		{F97EC883-4603-4A34-9735-979525FBBE4C}.Release|Any CPU.ActiveCfg = Release|Any CPU
		{F97EC883-4603-4A34-9735-979525FBBE4C}.Release|Any CPU.Build.0 = Release|Any CPU
		{968A0B42-CB15-42E9-8523-8C31B8CA6380}.Debug|Any CPU.ActiveCfg = Debug|Any CPU
		{968A0B42-CB15-42E9-8523-8C31B8CA6380}.Debug|Any CPU.Build.0 = Debug|Any CPU
		{968A0B42-CB15-42E9-8523-8C31B8CA6380}.Release|Any CPU.ActiveCfg = Release|Any CPU
		{968A0B42-CB15-42E9-8523-8C31B8CA6380}.Release|Any CPU.Build.0 = Release|Any CPU
		{8CA29A74-5CD2-49A1-B9C1-F208B75669D3}.Debug|Any CPU.ActiveCfg = Debug|Any CPU
		{8CA29A74-5CD2-49A1-B9C1-F208B75669D3}.Debug|Any CPU.Build.0 = Debug|Any CPU
		{8CA29A74-5CD2-49A1-B9C1-F208B75669D3}.Release|Any CPU.ActiveCfg = Release|Any CPU
		{8CA29A74-5CD2-49A1-B9C1-F208B75669D3}.Release|Any CPU.Build.0 = Release|Any CPU
		{4BE27FB1-E36C-422B-97A7-A6F9D250B63D}.Debug|Any CPU.ActiveCfg = Debug|Any CPU
		{4BE27FB1-E36C-422B-97A7-A6F9D250B63D}.Debug|Any CPU.Build.0 = Debug|Any CPU
		{4BE27FB1-E36C-422B-97A7-A6F9D250B63D}.Release|Any CPU.ActiveCfg = Release|Any CPU
		{4BE27FB1-E36C-422B-97A7-A6F9D250B63D}.Release|Any CPU.Build.0 = Release|Any CPU
		{A1A94BEE-6684-4796-AC03-39FBDFF00D23}.Debug|Any CPU.ActiveCfg = Debug|Any CPU
		{A1A94BEE-6684-4796-AC03-39FBDFF00D23}.Debug|Any CPU.Build.0 = Debug|Any CPU
		{A1A94BEE-6684-4796-AC03-39FBDFF00D23}.Release|Any CPU.ActiveCfg = Release|Any CPU
		{A1A94BEE-6684-4796-AC03-39FBDFF00D23}.Release|Any CPU.Build.0 = Release|Any CPU
	EndGlobalSection
	GlobalSection(SolutionProperties) = preSolution
		HideSolutionNode = FALSE
	EndGlobalSection
EndGlobal
