
Microsoft Visual Studio Solution File, Format Version 12.00
# Visual Studio 14
VisualStudioVersion = 14.0.25420.1
MinimumVisualStudioVersion = 10.0.40219.1
Project("{FAE04EC0-301F-11D3-BF4B-00C04F79EFBC}") = "01_Common End", "01_Common End\01_Common End.csproj", "{3219133F-E89C-457E-8232-46B0E8AF541A}"
EndProject
Global
	GlobalSection(SolutionConfigurationPlatforms) = preSolution
		Debug|Any CPU = Debug|Any CPU
		Release|Any CPU = Release|Any CPU
	EndGlobalSection
	GlobalSection(ProjectConfigurationPlatforms) = postSolution
		{3219133F-E89C-457E-8232-46B0E8AF541A}.Debug|Any CPU.ActiveCfg = Debug|Any CPU
		{3219133F-E89C-457E-8232-46B0E8AF541A}.Debug|Any CPU.Build.0 = Debug|Any CPU
		{3219133F-E89C-457E-8232-46B0E8AF541A}.Release|Any CPU.ActiveCfg = Release|Any CPU
		{3219133F-E89C-457E-8232-46B0E8AF541A}.Release|Any CPU.Build.0 = Release|Any CPU
	EndGlobalSection
	GlobalSection(SolutionProperties) = preSolution
		HideSolutionNode = FALSE
	EndGlobalSection
EndGlobal
