
Microsoft Visual Studio Solution File, Format Version 12.00
# Visual Studio 14
VisualStudioVersion = 14.0.25420.1
MinimumVisualStudioVersion = 10.0.40219.1
Project("{FAE04EC0-301F-11D3-BF4B-00C04F79EFBC}") = "01_Common End", "01_Common End\01_Common End.csproj", "{3219133F-E89C-457E-8232-46B0E8AF541A}"
EndProject
Project("{FAE04EC0-301F-11D3-BF4B-00C04F79EFBC}") = "02_Rotate and Sum", "02_Rotate and Sum\02_Rotate and Sum.csproj", "{D0215E35-2082-403A-9BF6-614737DF8645}"
EndProject
Project("{FAE04EC0-301F-11D3-BF4B-00C04F79EFBC}") = "03_Fold and Sum", "03_Fold and Sum\03_Fold and Sum.csproj", "{6981C788-E908-43A3-96BE-F9D7973ED4A0}"
EndProject
Project("{FAE04EC0-301F-11D3-BF4B-00C04F79EFBC}") = "04_Sieve of Eratosthenes", "04_Sieve of Eratosthenes\04_Sieve of Eratosthenes.csproj", "{9A8B5ABE-73F3-42BE-BFB4-DD86B70D0144}"
EndProject
Project("{FAE04EC0-301F-11D3-BF4B-00C04F79EFBC}") = "05_Compare Char Arrays", "05_Compare Char Arrays\05_Compare Char Arrays.csproj", "{5184E0D7-B15F-4A7C-A517-4FB3A8D46520}"
EndProject
Project("{FAE04EC0-301F-11D3-BF4B-00C04F79EFBC}") = "06_Max Sequence of Equal Elements", "06_Max Sequence of Equal Elements\06_Max Sequence of Equal Elements.csproj", "{BC225ACF-DFE8-4CA5-B69D-2982E418889C}"
EndProject
Project("{FAE04EC0-301F-11D3-BF4B-00C04F79EFBC}") = "07_Max Sequence of Increasing Elements", "07_Max Sequence of Increasing Elements\07_Max Sequence of Increasing Elements.csproj", "{3A712BB1-36DF-4BAF-A622-19D36A49BED7}"
EndProject
Global
	GlobalSection(SolutionConfigurationPlatforms) = preSolution
		Debug|Any CPU = Debug|Any CPU
		Release|Any CPU = Release|Any CPU
	EndGlobalSection
	GlobalSection(ProjectConfigurationPlatforms) = postSolution
		{3219133F-E89C-457E-8232-46B0E8AF541A}.Debug|Any CPU.ActiveCfg = Debug|Any CPU
		{3219133F-E89C-457E-8232-46B0E8AF541A}.Debug|Any CPU.Build.0 = Debug|Any CPU
		{3219133F-E89C-457E-8232-46B0E8AF541A}.Release|Any CPU.ActiveCfg = Release|Any CPU
		{3219133F-E89C-457E-8232-46B0E8AF541A}.Release|Any CPU.Build.0 = Release|Any CPU
		{D0215E35-2082-403A-9BF6-614737DF8645}.Debug|Any CPU.ActiveCfg = Debug|Any CPU
		{D0215E35-2082-403A-9BF6-614737DF8645}.Debug|Any CPU.Build.0 = Debug|Any CPU
		{D0215E35-2082-403A-9BF6-614737DF8645}.Release|Any CPU.ActiveCfg = Release|Any CPU
		{D0215E35-2082-403A-9BF6-614737DF8645}.Release|Any CPU.Build.0 = Release|Any CPU
		{6981C788-E908-43A3-96BE-F9D7973ED4A0}.Debug|Any CPU.ActiveCfg = Debug|Any CPU
		{6981C788-E908-43A3-96BE-F9D7973ED4A0}.Debug|Any CPU.Build.0 = Debug|Any CPU
		{6981C788-E908-43A3-96BE-F9D7973ED4A0}.Release|Any CPU.ActiveCfg = Release|Any CPU
		{6981C788-E908-43A3-96BE-F9D7973ED4A0}.Release|Any CPU.Build.0 = Release|Any CPU
		{9A8B5ABE-73F3-42BE-BFB4-DD86B70D0144}.Debug|Any CPU.ActiveCfg = Debug|Any CPU
		{9A8B5ABE-73F3-42BE-BFB4-DD86B70D0144}.Debug|Any CPU.Build.0 = Debug|Any CPU
		{9A8B5ABE-73F3-42BE-BFB4-DD86B70D0144}.Release|Any CPU.ActiveCfg = Release|Any CPU
		{9A8B5ABE-73F3-42BE-BFB4-DD86B70D0144}.Release|Any CPU.Build.0 = Release|Any CPU
		{5184E0D7-B15F-4A7C-A517-4FB3A8D46520}.Debug|Any CPU.ActiveCfg = Debug|Any CPU
		{5184E0D7-B15F-4A7C-A517-4FB3A8D46520}.Debug|Any CPU.Build.0 = Debug|Any CPU
		{5184E0D7-B15F-4A7C-A517-4FB3A8D46520}.Release|Any CPU.ActiveCfg = Release|Any CPU
		{5184E0D7-B15F-4A7C-A517-4FB3A8D46520}.Release|Any CPU.Build.0 = Release|Any CPU
		{BC225ACF-DFE8-4CA5-B69D-2982E418889C}.Debug|Any CPU.ActiveCfg = Debug|Any CPU
		{BC225ACF-DFE8-4CA5-B69D-2982E418889C}.Debug|Any CPU.Build.0 = Debug|Any CPU
		{BC225ACF-DFE8-4CA5-B69D-2982E418889C}.Release|Any CPU.ActiveCfg = Release|Any CPU
		{BC225ACF-DFE8-4CA5-B69D-2982E418889C}.Release|Any CPU.Build.0 = Release|Any CPU
		{3A712BB1-36DF-4BAF-A622-19D36A49BED7}.Debug|Any CPU.ActiveCfg = Debug|Any CPU
		{3A712BB1-36DF-4BAF-A622-19D36A49BED7}.Debug|Any CPU.Build.0 = Debug|Any CPU
		{3A712BB1-36DF-4BAF-A622-19D36A49BED7}.Release|Any CPU.ActiveCfg = Release|Any CPU
		{3A712BB1-36DF-4BAF-A622-19D36A49BED7}.Release|Any CPU.Build.0 = Release|Any CPU
	EndGlobalSection
	GlobalSection(SolutionProperties) = preSolution
		HideSolutionNode = FALSE
	EndGlobalSection
EndGlobal
