
Microsoft Visual Studio Solution File, Format Version 12.00
# Visual Studio 14
VisualStudioVersion = 14.0.25420.1
MinimumVisualStudioVersion = 10.0.40219.1
Project("{FAE04EC0-301F-11D3-BF4B-00C04F79EFBC}") = "01_Remove Negatives and Reverse", "01_Remove Negatives and Reverse\01_Remove Negatives and Reverse.csproj", "{E1E2356D-E185-4952-84DA-85EAF9F998E9}"
EndProject
Project("{FAE04EC0-301F-11D3-BF4B-00C04F79EFBC}") = "02_Append Lists", "02_Append Lists\02_Append Lists.csproj", "{ECF5AF17-0D1B-4A99-85DD-791BD66263CE}"
EndProject
Project("{FAE04EC0-301F-11D3-BF4B-00C04F79EFBC}") = "03_Sum Adjacent Equal Numbers", "03_Sum Adjacent Equal Numbers\03_Sum Adjacent Equal Numbers.csproj", "{B5AA5A2F-6234-480F-AE08-398BCEC01F25}"
EndProject
Project("{FAE04EC0-301F-11D3-BF4B-00C04F79EFBC}") = "04_Split by Word Casing", "04_Split by Word Casing\04_Split by Word Casing.csproj", "{373F4153-B506-4CF9-9C6B-A76C881F055B}"
EndProject
Project("{FAE04EC0-301F-11D3-BF4B-00C04F79EFBC}") = "05_Sort Numbers", "05_Sort Numbers\05_Sort Numbers.csproj", "{DDC24F34-FC95-43D9-A88C-A74B6E467C18}"
EndProject
Project("{FAE04EC0-301F-11D3-BF4B-00C04F79EFBC}") = "06_Square Numbers", "06_Square Numbers\06_Square Numbers.csproj", "{7DC1FCC2-AD25-426B-B0C0-1F52A57D6526}"
EndProject
Global
	GlobalSection(SolutionConfigurationPlatforms) = preSolution
		Debug|Any CPU = Debug|Any CPU
		Release|Any CPU = Release|Any CPU
	EndGlobalSection
	GlobalSection(ProjectConfigurationPlatforms) = postSolution
		{E1E2356D-E185-4952-84DA-85EAF9F998E9}.Debug|Any CPU.ActiveCfg = Debug|Any CPU
		{E1E2356D-E185-4952-84DA-85EAF9F998E9}.Debug|Any CPU.Build.0 = Debug|Any CPU
		{E1E2356D-E185-4952-84DA-85EAF9F998E9}.Release|Any CPU.ActiveCfg = Release|Any CPU
		{E1E2356D-E185-4952-84DA-85EAF9F998E9}.Release|Any CPU.Build.0 = Release|Any CPU
		{ECF5AF17-0D1B-4A99-85DD-791BD66263CE}.Debug|Any CPU.ActiveCfg = Debug|Any CPU
		{ECF5AF17-0D1B-4A99-85DD-791BD66263CE}.Debug|Any CPU.Build.0 = Debug|Any CPU
		{ECF5AF17-0D1B-4A99-85DD-791BD66263CE}.Release|Any CPU.ActiveCfg = Release|Any CPU
		{ECF5AF17-0D1B-4A99-85DD-791BD66263CE}.Release|Any CPU.Build.0 = Release|Any CPU
		{B5AA5A2F-6234-480F-AE08-398BCEC01F25}.Debug|Any CPU.ActiveCfg = Debug|Any CPU
		{B5AA5A2F-6234-480F-AE08-398BCEC01F25}.Debug|Any CPU.Build.0 = Debug|Any CPU
		{B5AA5A2F-6234-480F-AE08-398BCEC01F25}.Release|Any CPU.ActiveCfg = Release|Any CPU
		{B5AA5A2F-6234-480F-AE08-398BCEC01F25}.Release|Any CPU.Build.0 = Release|Any CPU
		{373F4153-B506-4CF9-9C6B-A76C881F055B}.Debug|Any CPU.ActiveCfg = Debug|Any CPU
		{373F4153-B506-4CF9-9C6B-A76C881F055B}.Debug|Any CPU.Build.0 = Debug|Any CPU
		{373F4153-B506-4CF9-9C6B-A76C881F055B}.Release|Any CPU.ActiveCfg = Release|Any CPU
		{373F4153-B506-4CF9-9C6B-A76C881F055B}.Release|Any CPU.Build.0 = Release|Any CPU
		{DDC24F34-FC95-43D9-A88C-A74B6E467C18}.Debug|Any CPU.ActiveCfg = Debug|Any CPU
		{DDC24F34-FC95-43D9-A88C-A74B6E467C18}.Debug|Any CPU.Build.0 = Debug|Any CPU
		{DDC24F34-FC95-43D9-A88C-A74B6E467C18}.Release|Any CPU.ActiveCfg = Release|Any CPU
		{DDC24F34-FC95-43D9-A88C-A74B6E467C18}.Release|Any CPU.Build.0 = Release|Any CPU
		{7DC1FCC2-AD25-426B-B0C0-1F52A57D6526}.Debug|Any CPU.ActiveCfg = Debug|Any CPU
		{7DC1FCC2-AD25-426B-B0C0-1F52A57D6526}.Debug|Any CPU.Build.0 = Debug|Any CPU
		{7DC1FCC2-AD25-426B-B0C0-1F52A57D6526}.Release|Any CPU.ActiveCfg = Release|Any CPU
		{7DC1FCC2-AD25-426B-B0C0-1F52A57D6526}.Release|Any CPU.Build.0 = Release|Any CPU
	EndGlobalSection
	GlobalSection(SolutionProperties) = preSolution
		HideSolutionNode = FALSE
	EndGlobalSection
EndGlobal
