
Microsoft Visual Studio Solution File, Format Version 12.00
# Visual Studio 14
VisualStudioVersion = 14.0.25420.1
MinimumVisualStudioVersion = 10.0.40219.1
Project("{FAE04EC0-301F-11D3-BF4B-00C04F79EFBC}") = "01_Max Sequence of Equal Elements", "01_Max Sequence of Equal Elements\01_Max Sequence of Equal Elements.csproj", "{35B7DA47-C343-4D08-B046-983415550A68}"
EndProject
Project("{FAE04EC0-301F-11D3-BF4B-00C04F79EFBC}") = "02_Longest Increasing Subsequence", "02_Longest Increasing Subsequence\02_Longest Increasing Subsequence.csproj", "{2A955B32-2485-470F-9CAA-E2BEF6B94F61}"
EndProject
Project("{FAE04EC0-301F-11D3-BF4B-00C04F79EFBC}") = "03_Array Manipulator", "03_Array Manipulator\03_Array Manipulator.csproj", "{C2D9A141-3BEE-4AF6-B912-A8BB061D5FE8}"
EndProject
Project("{FAE04EC0-301F-11D3-BF4B-00C04F79EFBC}") = "04_Sum Reversed Numbers", "04_Sum Reversed Numbers\04_Sum Reversed Numbers.csproj", "{FE84EF9B-C42C-4941-875E-476CF87C0DBE}"
EndProject
Project("{FAE04EC0-301F-11D3-BF4B-00C04F79EFBC}") = "05_Bomb Numbers", "05_Bomb Numbers\05_Bomb Numbers.csproj", "{940B76C1-9E79-4BE1-9944-D8D171144362}"
EndProject
Global
	GlobalSection(SolutionConfigurationPlatforms) = preSolution
		Debug|Any CPU = Debug|Any CPU
		Release|Any CPU = Release|Any CPU
	EndGlobalSection
	GlobalSection(ProjectConfigurationPlatforms) = postSolution
		{35B7DA47-C343-4D08-B046-983415550A68}.Debug|Any CPU.ActiveCfg = Debug|Any CPU
		{35B7DA47-C343-4D08-B046-983415550A68}.Debug|Any CPU.Build.0 = Debug|Any CPU
		{35B7DA47-C343-4D08-B046-983415550A68}.Release|Any CPU.ActiveCfg = Release|Any CPU
		{35B7DA47-C343-4D08-B046-983415550A68}.Release|Any CPU.Build.0 = Release|Any CPU
		{2A955B32-2485-470F-9CAA-E2BEF6B94F61}.Debug|Any CPU.ActiveCfg = Debug|Any CPU
		{2A955B32-2485-470F-9CAA-E2BEF6B94F61}.Debug|Any CPU.Build.0 = Debug|Any CPU
		{2A955B32-2485-470F-9CAA-E2BEF6B94F61}.Release|Any CPU.ActiveCfg = Release|Any CPU
		{2A955B32-2485-470F-9CAA-E2BEF6B94F61}.Release|Any CPU.Build.0 = Release|Any CPU
		{C2D9A141-3BEE-4AF6-B912-A8BB061D5FE8}.Debug|Any CPU.ActiveCfg = Debug|Any CPU
		{C2D9A141-3BEE-4AF6-B912-A8BB061D5FE8}.Debug|Any CPU.Build.0 = Debug|Any CPU
		{C2D9A141-3BEE-4AF6-B912-A8BB061D5FE8}.Release|Any CPU.ActiveCfg = Release|Any CPU
		{C2D9A141-3BEE-4AF6-B912-A8BB061D5FE8}.Release|Any CPU.Build.0 = Release|Any CPU
		{FE84EF9B-C42C-4941-875E-476CF87C0DBE}.Debug|Any CPU.ActiveCfg = Debug|Any CPU
		{FE84EF9B-C42C-4941-875E-476CF87C0DBE}.Debug|Any CPU.Build.0 = Debug|Any CPU
		{FE84EF9B-C42C-4941-875E-476CF87C0DBE}.Release|Any CPU.ActiveCfg = Release|Any CPU
		{FE84EF9B-C42C-4941-875E-476CF87C0DBE}.Release|Any CPU.Build.0 = Release|Any CPU
		{940B76C1-9E79-4BE1-9944-D8D171144362}.Debug|Any CPU.ActiveCfg = Debug|Any CPU
		{940B76C1-9E79-4BE1-9944-D8D171144362}.Debug|Any CPU.Build.0 = Debug|Any CPU
		{940B76C1-9E79-4BE1-9944-D8D171144362}.Release|Any CPU.ActiveCfg = Release|Any CPU
		{940B76C1-9E79-4BE1-9944-D8D171144362}.Release|Any CPU.Build.0 = Release|Any CPU
	EndGlobalSection
	GlobalSection(SolutionProperties) = preSolution
		HideSolutionNode = FALSE
	EndGlobalSection
EndGlobal
