
Microsoft Visual Studio Solution File, Format Version 12.00
# Visual Studio 14
VisualStudioVersion = 14.0.25420.1
MinimumVisualStudioVersion = 10.0.40219.1
Project("{FAE04EC0-301F-11D3-BF4B-00C04F79EFBC}") = "01_Charity Marathon", "01_Charity Marathon\01_Charity Marathon.csproj", "{30F5B426-BEC2-46DB-A5A2-7423872B99CE}"
EndProject
Project("{FAE04EC0-301F-11D3-BF4B-00C04F79EFBC}") = "02_Ladybugs", "02_Ladybugs\02_Ladybugs.csproj", "{AD7B1515-621B-4DF4-A9EF-0B4B31D2319C}"
EndProject
Global
	GlobalSection(SolutionConfigurationPlatforms) = preSolution
		Debug|Any CPU = Debug|Any CPU
		Release|Any CPU = Release|Any CPU
	EndGlobalSection
	GlobalSection(ProjectConfigurationPlatforms) = postSolution
		{30F5B426-BEC2-46DB-A5A2-7423872B99CE}.Debug|Any CPU.ActiveCfg = Debug|Any CPU
		{30F5B426-BEC2-46DB-A5A2-7423872B99CE}.Debug|Any CPU.Build.0 = Debug|Any CPU
		{30F5B426-BEC2-46DB-A5A2-7423872B99CE}.Release|Any CPU.ActiveCfg = Release|Any CPU
		{30F5B426-BEC2-46DB-A5A2-7423872B99CE}.Release|Any CPU.Build.0 = Release|Any CPU
		{AD7B1515-621B-4DF4-A9EF-0B4B31D2319C}.Debug|Any CPU.ActiveCfg = Debug|Any CPU
		{AD7B1515-621B-4DF4-A9EF-0B4B31D2319C}.Debug|Any CPU.Build.0 = Debug|Any CPU
		{AD7B1515-621B-4DF4-A9EF-0B4B31D2319C}.Release|Any CPU.ActiveCfg = Release|Any CPU
		{AD7B1515-621B-4DF4-A9EF-0B4B31D2319C}.Release|Any CPU.Build.0 = Release|Any CPU
	EndGlobalSection
	GlobalSection(SolutionProperties) = preSolution
		HideSolutionNode = FALSE
	EndGlobalSection
EndGlobal
