
Microsoft Visual Studio Solution File, Format Version 12.00
# Visual Studio 14
VisualStudioVersion = 14.0.25420.1
MinimumVisualStudioVersion = 10.0.40219.1
Project("{FAE04EC0-301F-11D3-BF4B-00C04F79EFBC}") = "03_02_ExcellentResult", "03_02_ExcellentResult\03_02_ExcellentResult.csproj", "{04A8FFAB-8E35-44CB-9D24-E6C8457B8D18}"
EndProject
Project("{FAE04EC0-301F-11D3-BF4B-00C04F79EFBC}") = "03_03_ExcellentOrNot", "03_03_ExcellentOrNot\03_03_ExcellentOrNot.csproj", "{25B3C2BA-532C-4576-AD83-175FB13C523D}"
EndProject
Project("{FAE04EC0-301F-11D3-BF4B-00C04F79EFBC}") = "03_04_EvenOrOdd", "03_04_EvenOrOdd\03_04_EvenOrOdd.csproj", "{6EC66DF4-78A6-4991-829C-2654D5EFAE5C}"
EndProject
Project("{FAE04EC0-301F-11D3-BF4B-00C04F79EFBC}") = "03_05_GreaterNumber", "03_05_GreaterNumber\03_05_GreaterNumber.csproj", "{42DA5F3C-4005-4DD1-BBA0-270B61F76396}"
EndProject
Project("{FAE04EC0-301F-11D3-BF4B-00C04F79EFBC}") = "03_06_Number0_9ToText", "03_06_Number0_9ToText\03_06_Number0_9ToText.csproj", "{4049AC10-A447-40E8-8423-8A757DDE939B}"
EndProject
Project("{FAE04EC0-301F-11D3-BF4B-00C04F79EFBC}") = "03_07_BonusScore", "03_07_BonusScore\03_07_BonusScore.csproj", "{0BACD186-4927-4D35-B078-77553E17EB69}"
EndProject
Project("{FAE04EC0-301F-11D3-BF4B-00C04F79EFBC}") = "03_08_SumSeconds", "03_08_SumSeconds\03_08_SumSeconds.csproj", "{53C84B99-7DED-4FE6-A108-D4891C122E69}"
EndProject
Project("{FAE04EC0-301F-11D3-BF4B-00C04F79EFBC}") = "03_09_MetricConverter", "03_09_MetricConverter\03_09_MetricConverter.csproj", "{25111F13-EE00-4050-8D9B-7C82B305A84A}"
EndProject
Project("{FAE04EC0-301F-11D3-BF4B-00C04F79EFBC}") = "03_10_PasswordGuess", "03_10_PasswordGuess\03_10_PasswordGuess.csproj", "{13E6290F-A852-4D6A-A88B-835603EEA154}"
EndProject
Project("{FAE04EC0-301F-11D3-BF4B-00C04F79EFBC}") = "03_11_Number100..200", "03_11_Number100..200\03_11_Number100..200.csproj", "{97B4DA32-3730-492F-89E9-7C0A39B96386}"
EndProject
Project("{FAE04EC0-301F-11D3-BF4B-00C04F79EFBC}") = "03_13_EqualWords", "03_13_EqualWords\03_13_EqualWords.csproj", "{C6A23E6A-5C5E-4193-A3E7-028B963A3C62}"
EndProject
Project("{FAE04EC0-301F-11D3-BF4B-00C04F79EFBC}") = "03_14_SpeedInfo", "03_14_SpeedInfo\03_14_SpeedInfo.csproj", "{B5C1BB6E-CF1E-4692-855B-D9188D8F4EFF}"
EndProject
Project("{FAE04EC0-301F-11D3-BF4B-00C04F79EFBC}") = "03_15_AreaOfFigures", "03_15_AreaOfFigures\03_15_AreaOfFigures.csproj", "{9A9C7798-C2E6-4EAA-9271-BDF614A22698}"
EndProject
Project("{FAE04EC0-301F-11D3-BF4B-00C04F79EFBC}") = "03_16_TimePlus15", "03_16_TimePlus15\03_16_TimePlus15.csproj", "{15FA0C15-03C7-44BF-8CB3-5776DC88AD5B}"
EndProject
Project("{FAE04EC0-301F-11D3-BF4B-00C04F79EFBC}") = "03_17_ThreeEqualNumbers", "03_17_ThreeEqualNumbers\03_17_ThreeEqualNumbers.csproj", "{EB825FDE-9046-497A-B8DD-4FE00FCA16A2}"
EndProject
Project("{FAE04EC0-301F-11D3-BF4B-00C04F79EFBC}") = "03_18_NumsTo100ToText", "03_18_NumsTo100ToText\03_18_NumsTo100ToText.csproj", "{7BB090E2-0FA9-496B-BC00-4B07F9152A9F}"
EndProject
Project("{FAE04EC0-301F-11D3-BF4B-00C04F79EFBC}") = "03_00_test", "03_00_test\03_00_test.csproj", "{059F5346-74BE-4DBE-B0BD-4DA862A0C6D3}"
EndProject
Project("{FAE04EC0-301F-11D3-BF4B-00C04F79EFBC}") = "03_19_TransportPrice", "03_19_TransportPrice\03_19_TransportPrice.csproj", "{58E59DCF-29E7-480E-BDA0-1C00BF120185}"
EndProject
Project("{FAE04EC0-301F-11D3-BF4B-00C04F79EFBC}") = "03_20_Pipes", "03_20_Pipes\03_20_Pipes.csproj", "{77C9E857-6A89-4EAD-B433-B4BEBE9C8448}"
EndProject
Project("{FAE04EC0-301F-11D3-BF4B-00C04F79EFBC}") = "03_30_vegetables", "03_30_vegetables\03_30_vegetables.csproj", "{B5AFE864-1B07-46D5-95A2-185554FC7B95}"
EndProject
Project("{FAE04EC0-301F-11D3-BF4B-00C04F79EFBC}") = "03_31_trip", "03_31_trip\03_31_trip.csproj", "{6FA9A5D9-23A4-4A79-9C00-96BB3ECE086C}"
EndProject
Project("{FAE04EC0-301F-11D3-BF4B-00C04F79EFBC}") = "03_32_Division", "03_32_Division\03_32_Division.csproj", "{841FF767-7BED-4684-AB45-F0621096C2C8}"
EndProject
Project("{FAE04EC0-301F-11D3-BF4B-00C04F79EFBC}") = "03_21_CatTom", "03_21_CatTom\03_21_CatTom.csproj", "{8FDA8320-5C16-4DEB-A5A4-50E47F675BF0}"
EndProject
Global
	GlobalSection(SolutionConfigurationPlatforms) = preSolution
		Debug|Any CPU = Debug|Any CPU
		Release|Any CPU = Release|Any CPU
	EndGlobalSection
	GlobalSection(ProjectConfigurationPlatforms) = postSolution
		{04A8FFAB-8E35-44CB-9D24-E6C8457B8D18}.Debug|Any CPU.ActiveCfg = Debug|Any CPU
		{04A8FFAB-8E35-44CB-9D24-E6C8457B8D18}.Debug|Any CPU.Build.0 = Debug|Any CPU
		{04A8FFAB-8E35-44CB-9D24-E6C8457B8D18}.Release|Any CPU.ActiveCfg = Release|Any CPU
		{04A8FFAB-8E35-44CB-9D24-E6C8457B8D18}.Release|Any CPU.Build.0 = Release|Any CPU
		{25B3C2BA-532C-4576-AD83-175FB13C523D}.Debug|Any CPU.ActiveCfg = Debug|Any CPU
		{25B3C2BA-532C-4576-AD83-175FB13C523D}.Debug|Any CPU.Build.0 = Debug|Any CPU
		{25B3C2BA-532C-4576-AD83-175FB13C523D}.Release|Any CPU.ActiveCfg = Release|Any CPU
		{25B3C2BA-532C-4576-AD83-175FB13C523D}.Release|Any CPU.Build.0 = Release|Any CPU
		{6EC66DF4-78A6-4991-829C-2654D5EFAE5C}.Debug|Any CPU.ActiveCfg = Debug|Any CPU
		{6EC66DF4-78A6-4991-829C-2654D5EFAE5C}.Debug|Any CPU.Build.0 = Debug|Any CPU
		{6EC66DF4-78A6-4991-829C-2654D5EFAE5C}.Release|Any CPU.ActiveCfg = Release|Any CPU
		{6EC66DF4-78A6-4991-829C-2654D5EFAE5C}.Release|Any CPU.Build.0 = Release|Any CPU
		{42DA5F3C-4005-4DD1-BBA0-270B61F76396}.Debug|Any CPU.ActiveCfg = Debug|Any CPU
		{42DA5F3C-4005-4DD1-BBA0-270B61F76396}.Debug|Any CPU.Build.0 = Debug|Any CPU
		{42DA5F3C-4005-4DD1-BBA0-270B61F76396}.Release|Any CPU.ActiveCfg = Release|Any CPU
		{42DA5F3C-4005-4DD1-BBA0-270B61F76396}.Release|Any CPU.Build.0 = Release|Any CPU
		{4049AC10-A447-40E8-8423-8A757DDE939B}.Debug|Any CPU.ActiveCfg = Debug|Any CPU
		{4049AC10-A447-40E8-8423-8A757DDE939B}.Debug|Any CPU.Build.0 = Debug|Any CPU
		{4049AC10-A447-40E8-8423-8A757DDE939B}.Release|Any CPU.ActiveCfg = Release|Any CPU
		{4049AC10-A447-40E8-8423-8A757DDE939B}.Release|Any CPU.Build.0 = Release|Any CPU
		{0BACD186-4927-4D35-B078-77553E17EB69}.Debug|Any CPU.ActiveCfg = Debug|Any CPU
		{0BACD186-4927-4D35-B078-77553E17EB69}.Debug|Any CPU.Build.0 = Debug|Any CPU
		{0BACD186-4927-4D35-B078-77553E17EB69}.Release|Any CPU.ActiveCfg = Release|Any CPU
		{0BACD186-4927-4D35-B078-77553E17EB69}.Release|Any CPU.Build.0 = Release|Any CPU
		{53C84B99-7DED-4FE6-A108-D4891C122E69}.Debug|Any CPU.ActiveCfg = Debug|Any CPU
		{53C84B99-7DED-4FE6-A108-D4891C122E69}.Debug|Any CPU.Build.0 = Debug|Any CPU
		{53C84B99-7DED-4FE6-A108-D4891C122E69}.Release|Any CPU.ActiveCfg = Release|Any CPU
		{53C84B99-7DED-4FE6-A108-D4891C122E69}.Release|Any CPU.Build.0 = Release|Any CPU
		{25111F13-EE00-4050-8D9B-7C82B305A84A}.Debug|Any CPU.ActiveCfg = Debug|Any CPU
		{25111F13-EE00-4050-8D9B-7C82B305A84A}.Debug|Any CPU.Build.0 = Debug|Any CPU
		{25111F13-EE00-4050-8D9B-7C82B305A84A}.Release|Any CPU.ActiveCfg = Release|Any CPU
		{25111F13-EE00-4050-8D9B-7C82B305A84A}.Release|Any CPU.Build.0 = Release|Any CPU
		{13E6290F-A852-4D6A-A88B-835603EEA154}.Debug|Any CPU.ActiveCfg = Debug|Any CPU
		{13E6290F-A852-4D6A-A88B-835603EEA154}.Debug|Any CPU.Build.0 = Debug|Any CPU
		{13E6290F-A852-4D6A-A88B-835603EEA154}.Release|Any CPU.ActiveCfg = Release|Any CPU
		{13E6290F-A852-4D6A-A88B-835603EEA154}.Release|Any CPU.Build.0 = Release|Any CPU
		{97B4DA32-3730-492F-89E9-7C0A39B96386}.Debug|Any CPU.ActiveCfg = Debug|Any CPU
		{97B4DA32-3730-492F-89E9-7C0A39B96386}.Debug|Any CPU.Build.0 = Debug|Any CPU
		{97B4DA32-3730-492F-89E9-7C0A39B96386}.Release|Any CPU.ActiveCfg = Release|Any CPU
		{97B4DA32-3730-492F-89E9-7C0A39B96386}.Release|Any CPU.Build.0 = Release|Any CPU
		{C6A23E6A-5C5E-4193-A3E7-028B963A3C62}.Debug|Any CPU.ActiveCfg = Debug|Any CPU
		{C6A23E6A-5C5E-4193-A3E7-028B963A3C62}.Debug|Any CPU.Build.0 = Debug|Any CPU
		{C6A23E6A-5C5E-4193-A3E7-028B963A3C62}.Release|Any CPU.ActiveCfg = Release|Any CPU
		{C6A23E6A-5C5E-4193-A3E7-028B963A3C62}.Release|Any CPU.Build.0 = Release|Any CPU
		{B5C1BB6E-CF1E-4692-855B-D9188D8F4EFF}.Debug|Any CPU.ActiveCfg = Debug|Any CPU
		{B5C1BB6E-CF1E-4692-855B-D9188D8F4EFF}.Debug|Any CPU.Build.0 = Debug|Any CPU
		{B5C1BB6E-CF1E-4692-855B-D9188D8F4EFF}.Release|Any CPU.ActiveCfg = Release|Any CPU
		{B5C1BB6E-CF1E-4692-855B-D9188D8F4EFF}.Release|Any CPU.Build.0 = Release|Any CPU
		{9A9C7798-C2E6-4EAA-9271-BDF614A22698}.Debug|Any CPU.ActiveCfg = Debug|Any CPU
		{9A9C7798-C2E6-4EAA-9271-BDF614A22698}.Debug|Any CPU.Build.0 = Debug|Any CPU
		{9A9C7798-C2E6-4EAA-9271-BDF614A22698}.Release|Any CPU.ActiveCfg = Release|Any CPU
		{9A9C7798-C2E6-4EAA-9271-BDF614A22698}.Release|Any CPU.Build.0 = Release|Any CPU
		{15FA0C15-03C7-44BF-8CB3-5776DC88AD5B}.Debug|Any CPU.ActiveCfg = Debug|Any CPU
		{15FA0C15-03C7-44BF-8CB3-5776DC88AD5B}.Debug|Any CPU.Build.0 = Debug|Any CPU
		{15FA0C15-03C7-44BF-8CB3-5776DC88AD5B}.Release|Any CPU.ActiveCfg = Release|Any CPU
		{15FA0C15-03C7-44BF-8CB3-5776DC88AD5B}.Release|Any CPU.Build.0 = Release|Any CPU
		{EB825FDE-9046-497A-B8DD-4FE00FCA16A2}.Debug|Any CPU.ActiveCfg = Debug|Any CPU
		{EB825FDE-9046-497A-B8DD-4FE00FCA16A2}.Debug|Any CPU.Build.0 = Debug|Any CPU
		{EB825FDE-9046-497A-B8DD-4FE00FCA16A2}.Release|Any CPU.ActiveCfg = Release|Any CPU
		{EB825FDE-9046-497A-B8DD-4FE00FCA16A2}.Release|Any CPU.Build.0 = Release|Any CPU
		{7BB090E2-0FA9-496B-BC00-4B07F9152A9F}.Debug|Any CPU.ActiveCfg = Debug|Any CPU
		{7BB090E2-0FA9-496B-BC00-4B07F9152A9F}.Debug|Any CPU.Build.0 = Debug|Any CPU
		{7BB090E2-0FA9-496B-BC00-4B07F9152A9F}.Release|Any CPU.ActiveCfg = Release|Any CPU
		{7BB090E2-0FA9-496B-BC00-4B07F9152A9F}.Release|Any CPU.Build.0 = Release|Any CPU
		{059F5346-74BE-4DBE-B0BD-4DA862A0C6D3}.Debug|Any CPU.ActiveCfg = Debug|Any CPU
		{059F5346-74BE-4DBE-B0BD-4DA862A0C6D3}.Debug|Any CPU.Build.0 = Debug|Any CPU
		{059F5346-74BE-4DBE-B0BD-4DA862A0C6D3}.Release|Any CPU.ActiveCfg = Release|Any CPU
		{059F5346-74BE-4DBE-B0BD-4DA862A0C6D3}.Release|Any CPU.Build.0 = Release|Any CPU
		{58E59DCF-29E7-480E-BDA0-1C00BF120185}.Debug|Any CPU.ActiveCfg = Debug|Any CPU
		{58E59DCF-29E7-480E-BDA0-1C00BF120185}.Debug|Any CPU.Build.0 = Debug|Any CPU
		{58E59DCF-29E7-480E-BDA0-1C00BF120185}.Release|Any CPU.ActiveCfg = Release|Any CPU
		{58E59DCF-29E7-480E-BDA0-1C00BF120185}.Release|Any CPU.Build.0 = Release|Any CPU
		{77C9E857-6A89-4EAD-B433-B4BEBE9C8448}.Debug|Any CPU.ActiveCfg = Debug|Any CPU
		{77C9E857-6A89-4EAD-B433-B4BEBE9C8448}.Debug|Any CPU.Build.0 = Debug|Any CPU
		{77C9E857-6A89-4EAD-B433-B4BEBE9C8448}.Release|Any CPU.ActiveCfg = Release|Any CPU
		{77C9E857-6A89-4EAD-B433-B4BEBE9C8448}.Release|Any CPU.Build.0 = Release|Any CPU
		{B5AFE864-1B07-46D5-95A2-185554FC7B95}.Debug|Any CPU.ActiveCfg = Debug|Any CPU
		{B5AFE864-1B07-46D5-95A2-185554FC7B95}.Debug|Any CPU.Build.0 = Debug|Any CPU
		{B5AFE864-1B07-46D5-95A2-185554FC7B95}.Release|Any CPU.ActiveCfg = Release|Any CPU
		{B5AFE864-1B07-46D5-95A2-185554FC7B95}.Release|Any CPU.Build.0 = Release|Any CPU
		{6FA9A5D9-23A4-4A79-9C00-96BB3ECE086C}.Debug|Any CPU.ActiveCfg = Debug|Any CPU
		{6FA9A5D9-23A4-4A79-9C00-96BB3ECE086C}.Debug|Any CPU.Build.0 = Debug|Any CPU
		{6FA9A5D9-23A4-4A79-9C00-96BB3ECE086C}.Release|Any CPU.ActiveCfg = Release|Any CPU
		{6FA9A5D9-23A4-4A79-9C00-96BB3ECE086C}.Release|Any CPU.Build.0 = Release|Any CPU
		{841FF767-7BED-4684-AB45-F0621096C2C8}.Debug|Any CPU.ActiveCfg = Debug|Any CPU
		{841FF767-7BED-4684-AB45-F0621096C2C8}.Debug|Any CPU.Build.0 = Debug|Any CPU
		{841FF767-7BED-4684-AB45-F0621096C2C8}.Release|Any CPU.ActiveCfg = Release|Any CPU
		{841FF767-7BED-4684-AB45-F0621096C2C8}.Release|Any CPU.Build.0 = Release|Any CPU
		{8FDA8320-5C16-4DEB-A5A4-50E47F675BF0}.Debug|Any CPU.ActiveCfg = Debug|Any CPU
		{8FDA8320-5C16-4DEB-A5A4-50E47F675BF0}.Debug|Any CPU.Build.0 = Debug|Any CPU
		{8FDA8320-5C16-4DEB-A5A4-50E47F675BF0}.Release|Any CPU.ActiveCfg = Release|Any CPU
		{8FDA8320-5C16-4DEB-A5A4-50E47F675BF0}.Release|Any CPU.Build.0 = Release|Any CPU
	EndGlobalSection
	GlobalSection(SolutionProperties) = preSolution
		HideSolutionNode = FALSE
	EndGlobalSection
EndGlobal
