
Microsoft Visual Studio Solution File, Format Version 12.00
# Visual Studio 14
VisualStudioVersion = 14.0.25420.1
MinimumVisualStudioVersion = 10.0.40219.1
Project("{FAE04EC0-301F-11D3-BF4B-00C04F79EFBC}") = "01_Extract Emails", "01_Extract Emails\01_Extract Emails.csproj", "{5F375B2B-C952-49A7-A83F-CDDC1E0B6EBD}"
EndProject
Project("{FAE04EC0-301F-11D3-BF4B-00C04F79EFBC}") = "02_Extract Sentences By Keyword", "02_Extract Sentences By Keyword\02_Extract Sentences By Keyword.csproj", "{A86D8765-8468-4B8A-81B8-E41806AB7C81}"
EndProject
Project("{FAE04EC0-301F-11D3-BF4B-00C04F79EFBC}") = "03_Valid Usernames", "03_Valid Usernames\03_Valid Usernames.csproj", "{FD8DBC82-F946-43E3-BCD7-028F73DF44ED}"
EndProject
Project("{FAE04EC0-301F-11D3-BF4B-00C04F79EFBC}") = "04_Query Mess", "04_Query Mess\04_Query Mess.csproj", "{54654BB1-AC73-4760-A9CD-9BBAF46F1A2B}"
EndProject
Global
	GlobalSection(SolutionConfigurationPlatforms) = preSolution
		Debug|Any CPU = Debug|Any CPU
		Release|Any CPU = Release|Any CPU
	EndGlobalSection
	GlobalSection(ProjectConfigurationPlatforms) = postSolution
		{5F375B2B-C952-49A7-A83F-CDDC1E0B6EBD}.Debug|Any CPU.ActiveCfg = Debug|Any CPU
		{5F375B2B-C952-49A7-A83F-CDDC1E0B6EBD}.Debug|Any CPU.Build.0 = Debug|Any CPU
		{5F375B2B-C952-49A7-A83F-CDDC1E0B6EBD}.Release|Any CPU.ActiveCfg = Release|Any CPU
		{5F375B2B-C952-49A7-A83F-CDDC1E0B6EBD}.Release|Any CPU.Build.0 = Release|Any CPU
		{A86D8765-8468-4B8A-81B8-E41806AB7C81}.Debug|Any CPU.ActiveCfg = Debug|Any CPU
		{A86D8765-8468-4B8A-81B8-E41806AB7C81}.Debug|Any CPU.Build.0 = Debug|Any CPU
		{A86D8765-8468-4B8A-81B8-E41806AB7C81}.Release|Any CPU.ActiveCfg = Release|Any CPU
		{A86D8765-8468-4B8A-81B8-E41806AB7C81}.Release|Any CPU.Build.0 = Release|Any CPU
		{FD8DBC82-F946-43E3-BCD7-028F73DF44ED}.Debug|Any CPU.ActiveCfg = Debug|Any CPU
		{FD8DBC82-F946-43E3-BCD7-028F73DF44ED}.Debug|Any CPU.Build.0 = Debug|Any CPU
		{FD8DBC82-F946-43E3-BCD7-028F73DF44ED}.Release|Any CPU.ActiveCfg = Release|Any CPU
		{FD8DBC82-F946-43E3-BCD7-028F73DF44ED}.Release|Any CPU.Build.0 = Release|Any CPU
		{54654BB1-AC73-4760-A9CD-9BBAF46F1A2B}.Debug|Any CPU.ActiveCfg = Debug|Any CPU
		{54654BB1-AC73-4760-A9CD-9BBAF46F1A2B}.Debug|Any CPU.Build.0 = Debug|Any CPU
		{54654BB1-AC73-4760-A9CD-9BBAF46F1A2B}.Release|Any CPU.ActiveCfg = Release|Any CPU
		{54654BB1-AC73-4760-A9CD-9BBAF46F1A2B}.Release|Any CPU.Build.0 = Release|Any CPU
	EndGlobalSection
	GlobalSection(SolutionProperties) = preSolution
		HideSolutionNode = FALSE
	EndGlobalSection
EndGlobal
