
Microsoft Visual Studio Solution File, Format Version 12.00
# Visual Studio 14
VisualStudioVersion = 14.0.25420.1
MinimumVisualStudioVersion = 10.0.40219.1
Project("{FAE04EC0-301F-11D3-BF4B-00C04F79EFBC}") = "01_ Hello, Name!", "01_ Hello, Name!\01_ Hello, Name!.csproj", "{EBA943FB-AE1E-4531-9882-58E5345B147F}"
EndProject
Project("{FAE04EC0-301F-11D3-BF4B-00C04F79EFBC}") = "02_Max Method", "02_Max Method\02_Max Method.csproj", "{AE528193-D5FA-4B4B-A3E0-5467DC4D5BD9}"
EndProject
Project("{FAE04EC0-301F-11D3-BF4B-00C04F79EFBC}") = "03_English Name of Last Digit", "03_English Name of Last Digit\03_English Name of Last Digit.csproj", "{E3220593-CD68-4E16-A319-87687EE79383}"
EndProject
Project("{FAE04EC0-301F-11D3-BF4B-00C04F79EFBC}") = "04_Numbers in Reversed Order", "04_Numbers in Reversed Order\04_Numbers in Reversed Order.csproj", "{40815B8A-A5EC-462A-BEEF-A4F498EF2B35}"
EndProject
Project("{FAE04EC0-301F-11D3-BF4B-00C04F79EFBC}") = "05_Fibonacci Numbers", "05_Fibonacci Numbers\05_Fibonacci Numbers.csproj", "{583E1DA2-1F90-4B8E-8FD5-C4566558AC3A}"
EndProject
Project("{FAE04EC0-301F-11D3-BF4B-00C04F79EFBC}") = "06_Prime Checker", "06_Prime Checker\06_Prime Checker.csproj", "{37C16DCF-54FB-496B-9782-BF6BEE2E688F}"
EndProject
Project("{FAE04EC0-301F-11D3-BF4B-00C04F79EFBC}") = "07_Primes in Given Range", "07_Primes in Given Range\07_Primes in Given Range.csproj", "{9D0E1660-9998-41DA-8D4B-952CA3CAFF93}"
EndProject
Project("{FAE04EC0-301F-11D3-BF4B-00C04F79EFBC}") = "08_Center Point", "08_Center Point\08_Center Point.csproj", "{BC40D55A-B5C3-4BDB-95B7-D348967B3B3A}"
EndProject
Project("{FAE04EC0-301F-11D3-BF4B-00C04F79EFBC}") = "09_Longer Line", "09_Longer Line\09_Longer Line.csproj", "{53C0A103-3402-4406-923E-D1C809BA04FD}"
EndProject
Project("{FAE04EC0-301F-11D3-BF4B-00C04F79EFBC}") = "10_Cube Properties", "10_Cube Properties\10_Cube Properties.csproj", "{D6AF2336-D541-4EFA-AAB8-5AC7AB48A891}"
EndProject
Global
	GlobalSection(SolutionConfigurationPlatforms) = preSolution
		Debug|Any CPU = Debug|Any CPU
		Release|Any CPU = Release|Any CPU
	EndGlobalSection
	GlobalSection(ProjectConfigurationPlatforms) = postSolution
		{EBA943FB-AE1E-4531-9882-58E5345B147F}.Debug|Any CPU.ActiveCfg = Debug|Any CPU
		{EBA943FB-AE1E-4531-9882-58E5345B147F}.Debug|Any CPU.Build.0 = Debug|Any CPU
		{EBA943FB-AE1E-4531-9882-58E5345B147F}.Release|Any CPU.ActiveCfg = Release|Any CPU
		{EBA943FB-AE1E-4531-9882-58E5345B147F}.Release|Any CPU.Build.0 = Release|Any CPU
		{AE528193-D5FA-4B4B-A3E0-5467DC4D5BD9}.Debug|Any CPU.ActiveCfg = Debug|Any CPU
		{AE528193-D5FA-4B4B-A3E0-5467DC4D5BD9}.Debug|Any CPU.Build.0 = Debug|Any CPU
		{AE528193-D5FA-4B4B-A3E0-5467DC4D5BD9}.Release|Any CPU.ActiveCfg = Release|Any CPU
		{AE528193-D5FA-4B4B-A3E0-5467DC4D5BD9}.Release|Any CPU.Build.0 = Release|Any CPU
		{E3220593-CD68-4E16-A319-87687EE79383}.Debug|Any CPU.ActiveCfg = Debug|Any CPU
		{E3220593-CD68-4E16-A319-87687EE79383}.Debug|Any CPU.Build.0 = Debug|Any CPU
		{E3220593-CD68-4E16-A319-87687EE79383}.Release|Any CPU.ActiveCfg = Release|Any CPU
		{E3220593-CD68-4E16-A319-87687EE79383}.Release|Any CPU.Build.0 = Release|Any CPU
		{40815B8A-A5EC-462A-BEEF-A4F498EF2B35}.Debug|Any CPU.ActiveCfg = Debug|Any CPU
		{40815B8A-A5EC-462A-BEEF-A4F498EF2B35}.Debug|Any CPU.Build.0 = Debug|Any CPU
		{40815B8A-A5EC-462A-BEEF-A4F498EF2B35}.Release|Any CPU.ActiveCfg = Release|Any CPU
		{40815B8A-A5EC-462A-BEEF-A4F498EF2B35}.Release|Any CPU.Build.0 = Release|Any CPU
		{583E1DA2-1F90-4B8E-8FD5-C4566558AC3A}.Debug|Any CPU.ActiveCfg = Debug|Any CPU
		{583E1DA2-1F90-4B8E-8FD5-C4566558AC3A}.Debug|Any CPU.Build.0 = Debug|Any CPU
		{583E1DA2-1F90-4B8E-8FD5-C4566558AC3A}.Release|Any CPU.ActiveCfg = Release|Any CPU
		{583E1DA2-1F90-4B8E-8FD5-C4566558AC3A}.Release|Any CPU.Build.0 = Release|Any CPU
		{37C16DCF-54FB-496B-9782-BF6BEE2E688F}.Debug|Any CPU.ActiveCfg = Debug|Any CPU
		{37C16DCF-54FB-496B-9782-BF6BEE2E688F}.Debug|Any CPU.Build.0 = Debug|Any CPU
		{37C16DCF-54FB-496B-9782-BF6BEE2E688F}.Release|Any CPU.ActiveCfg = Release|Any CPU
		{37C16DCF-54FB-496B-9782-BF6BEE2E688F}.Release|Any CPU.Build.0 = Release|Any CPU
		{9D0E1660-9998-41DA-8D4B-952CA3CAFF93}.Debug|Any CPU.ActiveCfg = Debug|Any CPU
		{9D0E1660-9998-41DA-8D4B-952CA3CAFF93}.Debug|Any CPU.Build.0 = Debug|Any CPU
		{9D0E1660-9998-41DA-8D4B-952CA3CAFF93}.Release|Any CPU.ActiveCfg = Release|Any CPU
		{9D0E1660-9998-41DA-8D4B-952CA3CAFF93}.Release|Any CPU.Build.0 = Release|Any CPU
		{BC40D55A-B5C3-4BDB-95B7-D348967B3B3A}.Debug|Any CPU.ActiveCfg = Debug|Any CPU
		{BC40D55A-B5C3-4BDB-95B7-D348967B3B3A}.Debug|Any CPU.Build.0 = Debug|Any CPU
		{BC40D55A-B5C3-4BDB-95B7-D348967B3B3A}.Release|Any CPU.ActiveCfg = Release|Any CPU
		{BC40D55A-B5C3-4BDB-95B7-D348967B3B3A}.Release|Any CPU.Build.0 = Release|Any CPU
		{53C0A103-3402-4406-923E-D1C809BA04FD}.Debug|Any CPU.ActiveCfg = Debug|Any CPU
		{53C0A103-3402-4406-923E-D1C809BA04FD}.Debug|Any CPU.Build.0 = Debug|Any CPU
		{53C0A103-3402-4406-923E-D1C809BA04FD}.Release|Any CPU.ActiveCfg = Release|Any CPU
		{53C0A103-3402-4406-923E-D1C809BA04FD}.Release|Any CPU.Build.0 = Release|Any CPU
		{D6AF2336-D541-4EFA-AAB8-5AC7AB48A891}.Debug|Any CPU.ActiveCfg = Debug|Any CPU
		{D6AF2336-D541-4EFA-AAB8-5AC7AB48A891}.Debug|Any CPU.Build.0 = Debug|Any CPU
		{D6AF2336-D541-4EFA-AAB8-5AC7AB48A891}.Release|Any CPU.ActiveCfg = Release|Any CPU
		{D6AF2336-D541-4EFA-AAB8-5AC7AB48A891}.Release|Any CPU.Build.0 = Release|Any CPU
	EndGlobalSection
	GlobalSection(SolutionProperties) = preSolution
		HideSolutionNode = FALSE
	EndGlobalSection
EndGlobal
