
Microsoft Visual Studio Solution File, Format Version 12.00
# Visual Studio 14
VisualStudioVersion = 14.0.25420.1
MinimumVisualStudioVersion = 10.0.40219.1
Project("{FAE04EC0-301F-11D3-BF4B-00C04F79EFBC}") = "20160601_01_Sweet Dessert", "20160601_01_Sweet Dessert\20160601_01_Sweet Dessert.csproj", "{D2152B96-231D-46EA-8F5D-88F03BC44938}"
EndProject
Project("{FAE04EC0-301F-11D3-BF4B-00C04F79EFBC}") = "20160601_02_Array Modifier", "20160601_02_Array Modifier\20160601_02_Array Modifier.csproj", "{71ABEB13-EFB3-4B31-8C05-FDBFE4946AEC}"
EndProject
Project("{FAE04EC0-301F-11D3-BF4B-00C04F79EFBC}") = "20160601_03_Target Multiplier", "20160601_03_Target Multiplier\20160601_03_Target Multiplier.csproj", "{487D9C14-56D7-4F5F-8EB2-1A541D57C0C0}"
EndProject
Project("{FAE04EC0-301F-11D3-BF4B-00C04F79EFBC}") = "20160601_04_Population Aggregation", "20160601_04_Population Aggregation\20160601_04_Population Aggregation.csproj", "{438F86DF-ABF9-4302-8611-DCFDDAC7E00B}"
EndProject
Project("{FAE04EC0-301F-11D3-BF4B-00C04F79EFBC}") = "20160602_01_SoftUni Airline", "20160602_01_SoftUni Airline\20160602_01_SoftUni Airline.csproj", "{C59389D2-BAEC-4E29-9DCE-C831FC6BD01F}"
EndProject
Project("{FAE04EC0-301F-11D3-BF4B-00C04F79EFBC}") = "20160602_02_SoftUni Water Supplies", "20160602_02_SoftUni Water Supplies\20160602_02_SoftUni Water Supplies.csproj", "{069FCA78-8582-4ADE-9A6D-E1A3C8F26A51}"
EndProject
Project("{FAE04EC0-301F-11D3-BF4B-00C04F79EFBC}") = "20160602_03_Matrix Operator", "20160602_03_Matrix Operator\20160602_03_Matrix Operator.csproj", "{447786BA-E4AE-4C76-A32A-BE927C1C194F}"
EndProject
Project("{FAE04EC0-301F-11D3-BF4B-00C04F79EFBC}") = "20160602_04_SoftUni Coffee Supplies", "20160602_04_SoftUni Coffee Supplies\20160602_04_SoftUni Coffee Supplies.csproj", "{97851903-61F7-4198-966D-128769FF48EC}"
EndProject
Project("{FAE04EC0-301F-11D3-BF4B-00C04F79EFBC}") = "20160612_01_Numbers", "20160612_01_Numbers\20160612_01_Numbers.csproj", "{2E268F85-AF94-4144-8DFF-E3869CDC5B21}"
EndProject
Project("{FAE04EC0-301F-11D3-BF4B-00C04F79EFBC}") = "20160612_02_Softuni Coffee Orders", "20160612_02_Softuni Coffee Orders\20160612_02_Softuni Coffee Orders.csproj", "{864F3A86-F9EB-4DBB-882E-2CD8E86F06EA}"
EndProject
Project("{FAE04EC0-301F-11D3-BF4B-00C04F79EFBC}") = "20160612_03_Football League", "20160612_03_Football League\20160612_03_Football League.csproj", "{DABCC3A5-8FE8-4F70-8EB7-DF7771B9D5D0}"
EndProject
Project("{FAE04EC0-301F-11D3-BF4B-00C04F79EFBC}") = "20160612_04_Trifon’s Quest", "20160612_04_Trifon’s Quest\20160612_04_Trifon’s Quest.csproj", "{DAAC8FF6-AA49-43A0-B88E-4DAE99F5A25C}"
EndProject
Project("{FAE04EC0-301F-11D3-BF4B-00C04F79EFBC}") = "20160911_01_Thea the Photographer", "20160911_01_Thea the Photographer\20160911_01_Thea the Photographer.csproj", "{040F24BB-6658-4FAC-A2F4-20099C029CE1}"
EndProject
Project("{FAE04EC0-301F-11D3-BF4B-00C04F79EFBC}") = "20160911_02_Trophon the Grumpy Cat", "20160911_02_Trophon the Grumpy Cat\20160911_02_Trophon the Grumpy Cat.csproj", "{53472DA2-26FB-49B7-9BAD-881C3676923A}"
EndProject
Project("{FAE04EC0-301F-11D3-BF4B-00C04F79EFBC}") = "20160911_03_Portal", "20160911_03_Portal\20160911_03_Portal.csproj", "{6859A659-BB9E-43C9-AF24-3BA39C8310E5}"
EndProject
Global
	GlobalSection(SolutionConfigurationPlatforms) = preSolution
		Debug|Any CPU = Debug|Any CPU
		Release|Any CPU = Release|Any CPU
	EndGlobalSection
	GlobalSection(ProjectConfigurationPlatforms) = postSolution
		{D2152B96-231D-46EA-8F5D-88F03BC44938}.Debug|Any CPU.ActiveCfg = Debug|Any CPU
		{D2152B96-231D-46EA-8F5D-88F03BC44938}.Debug|Any CPU.Build.0 = Debug|Any CPU
		{D2152B96-231D-46EA-8F5D-88F03BC44938}.Release|Any CPU.ActiveCfg = Release|Any CPU
		{D2152B96-231D-46EA-8F5D-88F03BC44938}.Release|Any CPU.Build.0 = Release|Any CPU
		{71ABEB13-EFB3-4B31-8C05-FDBFE4946AEC}.Debug|Any CPU.ActiveCfg = Debug|Any CPU
		{71ABEB13-EFB3-4B31-8C05-FDBFE4946AEC}.Debug|Any CPU.Build.0 = Debug|Any CPU
		{71ABEB13-EFB3-4B31-8C05-FDBFE4946AEC}.Release|Any CPU.ActiveCfg = Release|Any CPU
		{71ABEB13-EFB3-4B31-8C05-FDBFE4946AEC}.Release|Any CPU.Build.0 = Release|Any CPU
		{487D9C14-56D7-4F5F-8EB2-1A541D57C0C0}.Debug|Any CPU.ActiveCfg = Debug|Any CPU
		{487D9C14-56D7-4F5F-8EB2-1A541D57C0C0}.Debug|Any CPU.Build.0 = Debug|Any CPU
		{487D9C14-56D7-4F5F-8EB2-1A541D57C0C0}.Release|Any CPU.ActiveCfg = Release|Any CPU
		{487D9C14-56D7-4F5F-8EB2-1A541D57C0C0}.Release|Any CPU.Build.0 = Release|Any CPU
		{438F86DF-ABF9-4302-8611-DCFDDAC7E00B}.Debug|Any CPU.ActiveCfg = Debug|Any CPU
		{438F86DF-ABF9-4302-8611-DCFDDAC7E00B}.Debug|Any CPU.Build.0 = Debug|Any CPU
		{438F86DF-ABF9-4302-8611-DCFDDAC7E00B}.Release|Any CPU.ActiveCfg = Release|Any CPU
		{438F86DF-ABF9-4302-8611-DCFDDAC7E00B}.Release|Any CPU.Build.0 = Release|Any CPU
		{C59389D2-BAEC-4E29-9DCE-C831FC6BD01F}.Debug|Any CPU.ActiveCfg = Debug|Any CPU
		{C59389D2-BAEC-4E29-9DCE-C831FC6BD01F}.Debug|Any CPU.Build.0 = Debug|Any CPU
		{C59389D2-BAEC-4E29-9DCE-C831FC6BD01F}.Release|Any CPU.ActiveCfg = Release|Any CPU
		{C59389D2-BAEC-4E29-9DCE-C831FC6BD01F}.Release|Any CPU.Build.0 = Release|Any CPU
		{069FCA78-8582-4ADE-9A6D-E1A3C8F26A51}.Debug|Any CPU.ActiveCfg = Debug|Any CPU
		{069FCA78-8582-4ADE-9A6D-E1A3C8F26A51}.Debug|Any CPU.Build.0 = Debug|Any CPU
		{069FCA78-8582-4ADE-9A6D-E1A3C8F26A51}.Release|Any CPU.ActiveCfg = Release|Any CPU
		{069FCA78-8582-4ADE-9A6D-E1A3C8F26A51}.Release|Any CPU.Build.0 = Release|Any CPU
		{447786BA-E4AE-4C76-A32A-BE927C1C194F}.Debug|Any CPU.ActiveCfg = Debug|Any CPU
		{447786BA-E4AE-4C76-A32A-BE927C1C194F}.Debug|Any CPU.Build.0 = Debug|Any CPU
		{447786BA-E4AE-4C76-A32A-BE927C1C194F}.Release|Any CPU.ActiveCfg = Release|Any CPU
		{447786BA-E4AE-4C76-A32A-BE927C1C194F}.Release|Any CPU.Build.0 = Release|Any CPU
		{97851903-61F7-4198-966D-128769FF48EC}.Debug|Any CPU.ActiveCfg = Debug|Any CPU
		{97851903-61F7-4198-966D-128769FF48EC}.Debug|Any CPU.Build.0 = Debug|Any CPU
		{97851903-61F7-4198-966D-128769FF48EC}.Release|Any CPU.ActiveCfg = Release|Any CPU
		{97851903-61F7-4198-966D-128769FF48EC}.Release|Any CPU.Build.0 = Release|Any CPU
		{2E268F85-AF94-4144-8DFF-E3869CDC5B21}.Debug|Any CPU.ActiveCfg = Debug|Any CPU
		{2E268F85-AF94-4144-8DFF-E3869CDC5B21}.Debug|Any CPU.Build.0 = Debug|Any CPU
		{2E268F85-AF94-4144-8DFF-E3869CDC5B21}.Release|Any CPU.ActiveCfg = Release|Any CPU
		{2E268F85-AF94-4144-8DFF-E3869CDC5B21}.Release|Any CPU.Build.0 = Release|Any CPU
		{864F3A86-F9EB-4DBB-882E-2CD8E86F06EA}.Debug|Any CPU.ActiveCfg = Debug|Any CPU
		{864F3A86-F9EB-4DBB-882E-2CD8E86F06EA}.Debug|Any CPU.Build.0 = Debug|Any CPU
		{864F3A86-F9EB-4DBB-882E-2CD8E86F06EA}.Release|Any CPU.ActiveCfg = Release|Any CPU
		{864F3A86-F9EB-4DBB-882E-2CD8E86F06EA}.Release|Any CPU.Build.0 = Release|Any CPU
		{DABCC3A5-8FE8-4F70-8EB7-DF7771B9D5D0}.Debug|Any CPU.ActiveCfg = Debug|Any CPU
		{DABCC3A5-8FE8-4F70-8EB7-DF7771B9D5D0}.Debug|Any CPU.Build.0 = Debug|Any CPU
		{DABCC3A5-8FE8-4F70-8EB7-DF7771B9D5D0}.Release|Any CPU.ActiveCfg = Release|Any CPU
		{DABCC3A5-8FE8-4F70-8EB7-DF7771B9D5D0}.Release|Any CPU.Build.0 = Release|Any CPU
		{DAAC8FF6-AA49-43A0-B88E-4DAE99F5A25C}.Debug|Any CPU.ActiveCfg = Debug|Any CPU
		{DAAC8FF6-AA49-43A0-B88E-4DAE99F5A25C}.Debug|Any CPU.Build.0 = Debug|Any CPU
		{DAAC8FF6-AA49-43A0-B88E-4DAE99F5A25C}.Release|Any CPU.ActiveCfg = Release|Any CPU
		{DAAC8FF6-AA49-43A0-B88E-4DAE99F5A25C}.Release|Any CPU.Build.0 = Release|Any CPU
		{040F24BB-6658-4FAC-A2F4-20099C029CE1}.Debug|Any CPU.ActiveCfg = Debug|Any CPU
		{040F24BB-6658-4FAC-A2F4-20099C029CE1}.Debug|Any CPU.Build.0 = Debug|Any CPU
		{040F24BB-6658-4FAC-A2F4-20099C029CE1}.Release|Any CPU.ActiveCfg = Release|Any CPU
		{040F24BB-6658-4FAC-A2F4-20099C029CE1}.Release|Any CPU.Build.0 = Release|Any CPU
		{53472DA2-26FB-49B7-9BAD-881C3676923A}.Debug|Any CPU.ActiveCfg = Debug|Any CPU
		{53472DA2-26FB-49B7-9BAD-881C3676923A}.Debug|Any CPU.Build.0 = Debug|Any CPU
		{53472DA2-26FB-49B7-9BAD-881C3676923A}.Release|Any CPU.ActiveCfg = Release|Any CPU
		{53472DA2-26FB-49B7-9BAD-881C3676923A}.Release|Any CPU.Build.0 = Release|Any CPU
		{6859A659-BB9E-43C9-AF24-3BA39C8310E5}.Debug|Any CPU.ActiveCfg = Debug|Any CPU
		{6859A659-BB9E-43C9-AF24-3BA39C8310E5}.Debug|Any CPU.Build.0 = Debug|Any CPU
		{6859A659-BB9E-43C9-AF24-3BA39C8310E5}.Release|Any CPU.ActiveCfg = Release|Any CPU
		{6859A659-BB9E-43C9-AF24-3BA39C8310E5}.Release|Any CPU.Build.0 = Release|Any CPU
	EndGlobalSection
	GlobalSection(SolutionProperties) = preSolution
		HideSolutionNode = FALSE
	EndGlobalSection
EndGlobal
